
Microsoft Visual Studio Solution File, Format Version 12.00
# Visual Studio 2015
Project("{FAE04EC0-301F-11D3-BF4B-00C04F79EFBC}") = "hangman.CSharp", "hangman.CSharp.csproj", "{CF317C42-2567-8F63-1198-54E3BB807168}"
EndProject
Global
	GlobalSection(SolutionConfigurationPlatforms) = preSolution
		Debug|Any CPU = Debug|Any CPU
		Release|Any CPU = Release|Any CPU
	EndGlobalSection
	GlobalSection(ProjectConfigurationPlatforms) = postSolution
		{CF317C42-2567-8F63-1198-54E3BB807168}.Debug|Any CPU.ActiveCfg = Debug|Any CPU
		{CF317C42-2567-8F63-1198-54E3BB807168}.Debug|Any CPU.Build.0 = Debug|Any CPU
		{CF317C42-2567-8F63-1198-54E3BB807168}.Release|Any CPU.ActiveCfg = Release|Any CPU
		{CF317C42-2567-8F63-1198-54E3BB807168}.Release|Any CPU.Build.0 = Release|Any CPU
	EndGlobalSection
	GlobalSection(SolutionProperties) = preSolution
		HideSolutionNode = FALSE
	EndGlobalSection
EndGlobal
